{
  "name": "openrouteservice-py",
  "lockfileVersion": 3,
  "requires": true,
  "packages": {
    "": {
      "dependencies": {
        "vitepress-versioning-plugin": "^0.10.0"
      },
      "devDependencies": {
        "vitepress": "^1.0.0-rc.39",
        "vue": "^3.4.15"
      }
    },
    "node_modules/@algolia/autocomplete-core": {
      "version": "1.9.3",
      "license": "MIT",
      "dependencies": {
        "@algolia/autocomplete-plugin-algolia-insights": "1.9.3",
        "@algolia/autocomplete-shared": "1.9.3"
      }
    },
    "node_modules/@algolia/autocomplete-plugin-algolia-insights": {
      "version": "1.9.3",
      "license": "MIT",
      "dependencies": {
        "@algolia/autocomplete-shared": "1.9.3"
      },
      "peerDependencies": {
        "search-insights": ">= 1 < 3"
      }
    },
    "node_modules/@algolia/autocomplete-preset-algolia": {
      "version": "1.9.3",
      "license": "MIT",
      "dependencies": {
        "@algolia/autocomplete-shared": "1.9.3"
      },
      "peerDependencies": {
        "@algolia/client-search": ">= 4.9.1 < 6",
        "algoliasearch": ">= 4.9.1 < 6"
      }
    },
    "node_modules/@algolia/autocomplete-shared": {
      "version": "1.9.3",
      "license": "MIT",
      "peerDependencies": {
        "@algolia/client-search": ">= 4.9.1 < 6",
        "algoliasearch": ">= 4.9.1 < 6"
      }
    },
    "node_modules/@algolia/cache-browser-local-storage": {
      "version": "4.22.1",
      "license": "MIT",
      "dependencies": {
        "@algolia/cache-common": "4.22.1"
      }
    },
    "node_modules/@algolia/cache-common": {
      "version": "4.22.1",
      "license": "MIT"
    },
    "node_modules/@algolia/cache-in-memory": {
      "version": "4.22.1",
      "license": "MIT",
      "dependencies": {
        "@algolia/cache-common": "4.22.1"
      }
    },
    "node_modules/@algolia/client-account": {
      "version": "4.22.1",
      "license": "MIT",
      "dependencies": {
        "@algolia/client-common": "4.22.1",
        "@algolia/client-search": "4.22.1",
        "@algolia/transporter": "4.22.1"
      }
    },
    "node_modules/@algolia/client-analytics": {
      "version": "4.22.1",
      "license": "MIT",
      "dependencies": {
        "@algolia/client-common": "4.22.1",
        "@algolia/client-search": "4.22.1",
        "@algolia/requester-common": "4.22.1",
        "@algolia/transporter": "4.22.1"
      }
    },
    "node_modules/@algolia/client-common": {
      "version": "4.22.1",
      "license": "MIT",
      "dependencies": {
        "@algolia/requester-common": "4.22.1",
        "@algolia/transporter": "4.22.1"
      }
    },
    "node_modules/@algolia/client-personalization": {
      "version": "4.22.1",
      "license": "MIT",
      "dependencies": {
        "@algolia/client-common": "4.22.1",
        "@algolia/requester-common": "4.22.1",
        "@algolia/transporter": "4.22.1"
      }
    },
    "node_modules/@algolia/client-search": {
      "version": "4.22.1",
      "license": "MIT",
      "dependencies": {
        "@algolia/client-common": "4.22.1",
        "@algolia/requester-common": "4.22.1",
        "@algolia/transporter": "4.22.1"
      }
    },
    "node_modules/@algolia/logger-common": {
      "version": "4.22.1",
      "license": "MIT"
    },
    "node_modules/@algolia/logger-console": {
      "version": "4.22.1",
      "license": "MIT",
      "dependencies": {
        "@algolia/logger-common": "4.22.1"
      }
    },
    "node_modules/@algolia/requester-browser-xhr": {
      "version": "4.22.1",
      "license": "MIT",
      "dependencies": {
        "@algolia/requester-common": "4.22.1"
      }
    },
    "node_modules/@algolia/requester-common": {
      "version": "4.22.1",
      "license": "MIT"
    },
    "node_modules/@algolia/requester-node-http": {
      "version": "4.22.1",
      "license": "MIT",
      "dependencies": {
        "@algolia/requester-common": "4.22.1"
      }
    },
    "node_modules/@algolia/transporter": {
      "version": "4.22.1",
      "license": "MIT",
      "dependencies": {
        "@algolia/cache-common": "4.22.1",
        "@algolia/logger-common": "4.22.1",
        "@algolia/requester-common": "4.22.1"
      }
    },
    "node_modules/@babel/parser": {
      "version": "7.23.6",
      "license": "MIT",
      "bin": {
        "parser": "bin/babel-parser.js"
      },
      "engines": {
        "node": ">=6.0.0"
      }
    },
    "node_modules/@docsearch/css": {
      "version": "3.5.2",
      "license": "MIT"
    },
    "node_modules/@docsearch/js": {
      "version": "3.5.2",
      "license": "MIT",
      "dependencies": {
        "@docsearch/react": "3.5.2",
        "preact": "^10.0.0"
      }
    },
    "node_modules/@docsearch/react": {
      "version": "3.5.2",
      "license": "MIT",
      "dependencies": {
        "@algolia/autocomplete-core": "1.9.3",
        "@algolia/autocomplete-preset-algolia": "1.9.3",
        "@docsearch/css": "3.5.2",
        "algoliasearch": "^4.19.1"
      },
      "peerDependencies": {
        "@types/react": ">= 16.8.0 < 19.0.0",
        "react": ">= 16.8.0 < 19.0.0",
        "react-dom": ">= 16.8.0 < 19.0.0",
        "search-insights": ">= 1 < 3"
      },
      "peerDependenciesMeta": {
        "@types/react": {
          "optional": true
        },
        "react": {
          "optional": true
        },
        "react-dom": {
          "optional": true
        },
        "search-insights": {
          "optional": true
        }
      }
    },
    "node_modules/@esbuild/aix-ppc64": {
      "version": "0.19.11",
      "resolved": "https://registry.npmjs.org/@esbuild/aix-ppc64/-/aix-ppc64-0.19.11.tgz",
      "integrity": "sha512-FnzU0LyE3ySQk7UntJO4+qIiQgI7KoODnZg5xzXIrFJlKd2P2gwHsHY4927xj9y5PJmJSzULiUCWmv7iWnNa7g==",
      "cpu": [
        "ppc64"
      ],
      "optional": true,
      "os": [
        "aix"
      ],
      "engines": {
        "node": ">=12"
      }
    },
    "node_modules/@esbuild/android-arm": {
      "version": "0.19.11",
      "resolved": "https://registry.npmjs.org/@esbuild/android-arm/-/android-arm-0.19.11.tgz",
      "integrity": "sha512-5OVapq0ClabvKvQ58Bws8+wkLCV+Rxg7tUVbo9xu034Nm536QTII4YzhaFriQ7rMrorfnFKUsArD2lqKbFY4vw==",
      "cpu": [
        "arm"
      ],
      "optional": true,
      "os": [
        "android"
      ],
      "engines": {
        "node": ">=12"
      }
    },
    "node_modules/@esbuild/android-arm64": {
      "version": "0.19.11",
      "resolved": "https://registry.npmjs.org/@esbuild/android-arm64/-/android-arm64-0.19.11.tgz",
      "integrity": "sha512-aiu7K/5JnLj//KOnOfEZ0D90obUkRzDMyqd/wNAUQ34m4YUPVhRZpnqKV9uqDGxT7cToSDnIHsGooyIczu9T+Q==",
      "cpu": [
        "arm64"
      ],
      "optional": true,
      "os": [
        "android"
      ],
      "engines": {
        "node": ">=12"
      }
    },
    "node_modules/@esbuild/android-x64": {
      "version": "0.19.11",
      "resolved": "https://registry.npmjs.org/@esbuild/android-x64/-/android-x64-0.19.11.tgz",
      "integrity": "sha512-eccxjlfGw43WYoY9QgB82SgGgDbibcqyDTlk3l3C0jOVHKxrjdc9CTwDUQd0vkvYg5um0OH+GpxYvp39r+IPOg==",
      "cpu": [
        "x64"
      ],
      "optional": true,
      "os": [
        "android"
      ],
      "engines": {
        "node": ">=12"
      }
    },
    "node_modules/@esbuild/darwin-arm64": {
      "version": "0.19.11",
      "resolved": "https://registry.npmjs.org/@esbuild/darwin-arm64/-/darwin-arm64-0.19.11.tgz",
      "integrity": "sha512-ETp87DRWuSt9KdDVkqSoKoLFHYTrkyz2+65fj9nfXsaV3bMhTCjtQfw3y+um88vGRKRiF7erPrh/ZuIdLUIVxQ==",
      "cpu": [
        "arm64"
      ],
      "optional": true,
      "os": [
        "darwin"
      ],
      "engines": {
        "node": ">=12"
      }
    },
    "node_modules/@esbuild/darwin-x64": {
      "version": "0.19.11",
      "resolved": "https://registry.npmjs.org/@esbuild/darwin-x64/-/darwin-x64-0.19.11.tgz",
      "integrity": "sha512-fkFUiS6IUK9WYUO/+22omwetaSNl5/A8giXvQlcinLIjVkxwTLSktbF5f/kJMftM2MJp9+fXqZ5ezS7+SALp4g==",
      "cpu": [
        "x64"
      ],
      "optional": true,
      "os": [
        "darwin"
      ],
      "engines": {
        "node": ">=12"
      }
    },
    "node_modules/@esbuild/freebsd-arm64": {
      "version": "0.19.11",
      "resolved": "https://registry.npmjs.org/@esbuild/freebsd-arm64/-/freebsd-arm64-0.19.11.tgz",
      "integrity": "sha512-lhoSp5K6bxKRNdXUtHoNc5HhbXVCS8V0iZmDvyWvYq9S5WSfTIHU2UGjcGt7UeS6iEYp9eeymIl5mJBn0yiuxA==",
      "cpu": [
        "arm64"
      ],
      "optional": true,
      "os": [
        "freebsd"
      ],
      "engines": {
        "node": ">=12"
      }
    },
    "node_modules/@esbuild/freebsd-x64": {
      "version": "0.19.11",
      "resolved": "https://registry.npmjs.org/@esbuild/freebsd-x64/-/freebsd-x64-0.19.11.tgz",
      "integrity": "sha512-JkUqn44AffGXitVI6/AbQdoYAq0TEullFdqcMY/PCUZ36xJ9ZJRtQabzMA+Vi7r78+25ZIBosLTOKnUXBSi1Kw==",
      "cpu": [
        "x64"
      ],
      "optional": true,
      "os": [
        "freebsd"
      ],
      "engines": {
        "node": ">=12"
      }
    },
    "node_modules/@esbuild/linux-arm": {
      "version": "0.19.11",
      "resolved": "https://registry.npmjs.org/@esbuild/linux-arm/-/linux-arm-0.19.11.tgz",
      "integrity": "sha512-3CRkr9+vCV2XJbjwgzjPtO8T0SZUmRZla+UL1jw+XqHZPkPgZiyWvbDvl9rqAN8Zl7qJF0O/9ycMtjU67HN9/Q==",
      "cpu": [
        "arm"
      ],
      "optional": true,
      "os": [
        "linux"
      ],
      "engines": {
        "node": ">=12"
      }
    },
    "node_modules/@esbuild/linux-arm64": {
      "version": "0.19.11",
      "resolved": "https://registry.npmjs.org/@esbuild/linux-arm64/-/linux-arm64-0.19.11.tgz",
      "integrity": "sha512-LneLg3ypEeveBSMuoa0kwMpCGmpu8XQUh+mL8XXwoYZ6Be2qBnVtcDI5azSvh7vioMDhoJFZzp9GWp9IWpYoUg==",
      "cpu": [
        "arm64"
      ],
      "optional": true,
      "os": [
        "linux"
      ],
      "engines": {
        "node": ">=12"
      }
    },
    "node_modules/@esbuild/linux-ia32": {
      "version": "0.19.11",
      "resolved": "https://registry.npmjs.org/@esbuild/linux-ia32/-/linux-ia32-0.19.11.tgz",
      "integrity": "sha512-caHy++CsD8Bgq2V5CodbJjFPEiDPq8JJmBdeyZ8GWVQMjRD0sU548nNdwPNvKjVpamYYVL40AORekgfIubwHoA==",
      "cpu": [
        "ia32"
      ],
      "optional": true,
      "os": [
        "linux"
      ],
      "engines": {
        "node": ">=12"
      }
    },
    "node_modules/@esbuild/linux-loong64": {
      "version": "0.19.11",
      "resolved": "https://registry.npmjs.org/@esbuild/linux-loong64/-/linux-loong64-0.19.11.tgz",
      "integrity": "sha512-ppZSSLVpPrwHccvC6nQVZaSHlFsvCQyjnvirnVjbKSHuE5N24Yl8F3UwYUUR1UEPaFObGD2tSvVKbvR+uT1Nrg==",
      "cpu": [
        "loong64"
      ],
      "optional": true,
      "os": [
        "linux"
      ],
      "engines": {
        "node": ">=12"
      }
    },
    "node_modules/@esbuild/linux-mips64el": {
      "version": "0.19.11",
      "resolved": "https://registry.npmjs.org/@esbuild/linux-mips64el/-/linux-mips64el-0.19.11.tgz",
      "integrity": "sha512-B5x9j0OgjG+v1dF2DkH34lr+7Gmv0kzX6/V0afF41FkPMMqaQ77pH7CrhWeR22aEeHKaeZVtZ6yFwlxOKPVFyg==",
      "cpu": [
        "mips64el"
      ],
      "optional": true,
      "os": [
        "linux"
      ],
      "engines": {
        "node": ">=12"
      }
    },
    "node_modules/@esbuild/linux-ppc64": {
      "version": "0.19.11",
      "resolved": "https://registry.npmjs.org/@esbuild/linux-ppc64/-/linux-ppc64-0.19.11.tgz",
      "integrity": "sha512-MHrZYLeCG8vXblMetWyttkdVRjQlQUb/oMgBNurVEnhj4YWOr4G5lmBfZjHYQHHN0g6yDmCAQRR8MUHldvvRDA==",
      "cpu": [
        "ppc64"
      ],
      "optional": true,
      "os": [
        "linux"
      ],
      "engines": {
        "node": ">=12"
      }
    },
    "node_modules/@esbuild/linux-riscv64": {
      "version": "0.19.11",
      "resolved": "https://registry.npmjs.org/@esbuild/linux-riscv64/-/linux-riscv64-0.19.11.tgz",
      "integrity": "sha512-f3DY++t94uVg141dozDu4CCUkYW+09rWtaWfnb3bqe4w5NqmZd6nPVBm+qbz7WaHZCoqXqHz5p6CM6qv3qnSSQ==",
      "cpu": [
        "riscv64"
      ],
      "optional": true,
      "os": [
        "linux"
      ],
      "engines": {
        "node": ">=12"
      }
    },
    "node_modules/@esbuild/linux-s390x": {
      "version": "0.19.11",
      "resolved": "https://registry.npmjs.org/@esbuild/linux-s390x/-/linux-s390x-0.19.11.tgz",
      "integrity": "sha512-A5xdUoyWJHMMlcSMcPGVLzYzpcY8QP1RtYzX5/bS4dvjBGVxdhuiYyFwp7z74ocV7WDc0n1harxmpq2ePOjI0Q==",
      "cpu": [
        "s390x"
      ],
      "optional": true,
      "os": [
        "linux"
      ],
      "engines": {
        "node": ">=12"
      }
    },
    "node_modules/@esbuild/linux-x64": {
      "version": "0.19.11",
      "resolved": "https://registry.npmjs.org/@esbuild/linux-x64/-/linux-x64-0.19.11.tgz",
      "integrity": "sha512-grbyMlVCvJSfxFQUndw5mCtWs5LO1gUlwP4CDi4iJBbVpZcqLVT29FxgGuBJGSzyOxotFG4LoO5X+M1350zmPA==",
      "cpu": [
        "x64"
      ],
      "optional": true,
      "os": [
        "linux"
      ],
      "engines": {
        "node": ">=12"
      }
    },
    "node_modules/@esbuild/netbsd-x64": {
      "version": "0.19.11",
      "resolved": "https://registry.npmjs.org/@esbuild/netbsd-x64/-/netbsd-x64-0.19.11.tgz",
      "integrity": "sha512-13jvrQZJc3P230OhU8xgwUnDeuC/9egsjTkXN49b3GcS5BKvJqZn86aGM8W9pd14Kd+u7HuFBMVtrNGhh6fHEQ==",
      "cpu": [
        "x64"
      ],
      "optional": true,
      "os": [
        "netbsd"
      ],
      "engines": {
        "node": ">=12"
      }
    },
    "node_modules/@esbuild/openbsd-x64": {
      "version": "0.19.11",
      "resolved": "https://registry.npmjs.org/@esbuild/openbsd-x64/-/openbsd-x64-0.19.11.tgz",
      "integrity": "sha512-ysyOGZuTp6SNKPE11INDUeFVVQFrhcNDVUgSQVDzqsqX38DjhPEPATpid04LCoUr2WXhQTEZ8ct/EgJCUDpyNw==",
      "cpu": [
        "x64"
      ],
      "optional": true,
      "os": [
        "openbsd"
      ],
      "engines": {
        "node": ">=12"
      }
    },
    "node_modules/@esbuild/sunos-x64": {
      "version": "0.19.11",
      "resolved": "https://registry.npmjs.org/@esbuild/sunos-x64/-/sunos-x64-0.19.11.tgz",
      "integrity": "sha512-Hf+Sad9nVwvtxy4DXCZQqLpgmRTQqyFyhT3bZ4F2XlJCjxGmRFF0Shwn9rzhOYRB61w9VMXUkxlBy56dk9JJiQ==",
      "cpu": [
        "x64"
      ],
      "optional": true,
      "os": [
        "sunos"
      ],
      "engines": {
        "node": ">=12"
      }
    },
    "node_modules/@esbuild/win32-arm64": {
      "version": "0.19.11",
      "resolved": "https://registry.npmjs.org/@esbuild/win32-arm64/-/win32-arm64-0.19.11.tgz",
      "integrity": "sha512-0P58Sbi0LctOMOQbpEOvOL44Ne0sqbS0XWHMvvrg6NE5jQ1xguCSSw9jQeUk2lfrXYsKDdOe6K+oZiwKPilYPQ==",
      "cpu": [
        "arm64"
      ],
      "optional": true,
      "os": [
        "win32"
      ],
      "engines": {
        "node": ">=12"
      }
    },
    "node_modules/@esbuild/win32-ia32": {
      "version": "0.19.11",
      "resolved": "https://registry.npmjs.org/@esbuild/win32-ia32/-/win32-ia32-0.19.11.tgz",
      "integrity": "sha512-6YOrWS+sDJDmshdBIQU+Uoyh7pQKrdykdefC1avn76ss5c+RN6gut3LZA4E2cH5xUEp5/cA0+YxRaVtRAb0xBg==",
      "cpu": [
        "ia32"
      ],
      "optional": true,
      "os": [
        "win32"
      ],
      "engines": {
        "node": ">=12"
      }
    },
    "node_modules/@esbuild/win32-x64": {
      "version": "0.19.11",
      "resolved": "https://registry.npmjs.org/@esbuild/win32-x64/-/win32-x64-0.19.11.tgz",
      "integrity": "sha512-vfkhltrjCAb603XaFhqhAF4LGDi2M4OrCRrFusyQ+iTLQ/o60QQXxc9cZC/FFpihBI9N1Grn6SMKVJ4KP7Fuiw==",
      "cpu": [
        "x64"
      ],
      "optional": true,
      "os": [
        "win32"
      ],
      "engines": {
        "node": ">=12"
      }
    },
    "node_modules/@jridgewell/sourcemap-codec": {
      "version": "1.4.15",
      "license": "MIT"
    },
    "node_modules/@rollup/rollup-linux-x64-gnu": {
      "version": "4.9.5",
      "cpu": [
        "x64"
      ],
      "license": "MIT",
      "optional": true,
      "os": [
        "linux"
      ]
    },
    "node_modules/@rollup/rollup-linux-x64-musl": {
      "version": "4.9.5",
      "cpu": [
        "x64"
      ],
      "license": "MIT",
      "optional": true,
      "os": [
        "linux"
      ]
    },
    "node_modules/@types/estree": {
      "version": "1.0.5",
      "license": "MIT"
    },
    "node_modules/@types/linkify-it": {
      "version": "3.0.5",
      "license": "MIT"
    },
    "node_modules/@types/lodash": {
      "version": "4.14.202",
      "resolved": "https://registry.npmjs.org/@types/lodash/-/lodash-4.14.202.tgz",
      "integrity": "sha512-OvlIYQK9tNneDlS0VN54LLd5uiPCBOp7gS5Z0f1mjoJYBrtStzgmJBxONW3U6OZqdtNzZPmn9BS/7WI7BFFcFQ=="
    },
    "node_modules/@types/markdown-it": {
      "version": "13.0.7",
      "license": "MIT",
      "dependencies": {
        "@types/linkify-it": "*",
        "@types/mdurl": "*"
      }
    },
    "node_modules/@types/mdurl": {
      "version": "1.0.5",
      "license": "MIT"
    },
    "node_modules/@types/web-bluetooth": {
      "version": "0.0.20",
      "license": "MIT"
    },
    "node_modules/@vitejs/plugin-vue": {
      "version": "5.0.3",
      "license": "MIT",
      "engines": {
        "node": "^18.0.0 || >=20.0.0"
      },
      "peerDependencies": {
        "vite": "^5.0.0",
        "vue": "^3.2.25"
      }
    },
    "node_modules/@vue/compiler-core": {
      "version": "3.4.15",
      "license": "MIT",
      "dependencies": {
        "@babel/parser": "^7.23.6",
        "@vue/shared": "3.4.15",
        "entities": "^4.5.0",
        "estree-walker": "^2.0.2",
        "source-map-js": "^1.0.2"
      }
    },
    "node_modules/@vue/compiler-dom": {
      "version": "3.4.15",
      "license": "MIT",
      "dependencies": {
        "@vue/compiler-core": "3.4.15",
        "@vue/shared": "3.4.15"
      }
    },
    "node_modules/@vue/compiler-sfc": {
      "version": "3.4.15",
      "license": "MIT",
      "dependencies": {
        "@babel/parser": "^7.23.6",
        "@vue/compiler-core": "3.4.15",
        "@vue/compiler-dom": "3.4.15",
        "@vue/compiler-ssr": "3.4.15",
        "@vue/shared": "3.4.15",
        "estree-walker": "^2.0.2",
        "magic-string": "^0.30.5",
        "postcss": "^8.4.33",
        "source-map-js": "^1.0.2"
      }
    },
    "node_modules/@vue/compiler-ssr": {
      "version": "3.4.15",
      "license": "MIT",
      "dependencies": {
        "@vue/compiler-dom": "3.4.15",
        "@vue/shared": "3.4.15"
      }
    },
    "node_modules/@vue/devtools-api": {
      "version": "6.5.1",
      "license": "MIT"
    },
    "node_modules/@vue/reactivity": {
      "version": "3.4.15",
      "license": "MIT",
      "dependencies": {
        "@vue/shared": "3.4.15"
      }
    },
    "node_modules/@vue/runtime-core": {
      "version": "3.4.15",
      "license": "MIT",
      "dependencies": {
        "@vue/reactivity": "3.4.15",
        "@vue/shared": "3.4.15"
      }
    },
    "node_modules/@vue/runtime-dom": {
      "version": "3.4.15",
      "license": "MIT",
      "dependencies": {
        "@vue/runtime-core": "3.4.15",
        "@vue/shared": "3.4.15",
        "csstype": "^3.1.3"
      }
    },
    "node_modules/@vue/server-renderer": {
      "version": "3.4.15",
      "license": "MIT",
      "dependencies": {
        "@vue/compiler-ssr": "3.4.15",
        "@vue/shared": "3.4.15"
      },
      "peerDependencies": {
        "vue": "3.4.15"
      }
    },
    "node_modules/@vue/shared": {
      "version": "3.4.15",
      "license": "MIT"
    },
    "node_modules/@vueuse/core": {
      "version": "10.7.2",
      "license": "MIT",
      "dependencies": {
        "@types/web-bluetooth": "^0.0.20",
        "@vueuse/metadata": "10.7.2",
        "@vueuse/shared": "10.7.2",
        "vue-demi": ">=0.14.6"
      },
      "funding": {
        "url": "https://github.com/sponsors/antfu"
      }
    },
    "node_modules/@vueuse/integrations": {
      "version": "10.7.2",
      "license": "MIT",
      "dependencies": {
        "@vueuse/core": "10.7.2",
        "@vueuse/shared": "10.7.2",
        "vue-demi": ">=0.14.6"
      },
      "funding": {
        "url": "https://github.com/sponsors/antfu"
      },
      "peerDependencies": {
        "async-validator": "*",
        "axios": "*",
        "change-case": "*",
        "drauu": "*",
        "focus-trap": "*",
        "fuse.js": "*",
        "idb-keyval": "*",
        "jwt-decode": "*",
        "nprogress": "*",
        "qrcode": "*",
        "sortablejs": "*",
        "universal-cookie": "*"
      },
      "peerDependenciesMeta": {
        "async-validator": {
          "optional": true
        },
        "axios": {
          "optional": true
        },
        "change-case": {
          "optional": true
        },
        "drauu": {
          "optional": true
        },
        "focus-trap": {
          "optional": true
        },
        "fuse.js": {
          "optional": true
        },
        "idb-keyval": {
          "optional": true
        },
        "jwt-decode": {
          "optional": true
        },
        "nprogress": {
          "optional": true
        },
        "qrcode": {
          "optional": true
        },
        "sortablejs": {
          "optional": true
        },
        "universal-cookie": {
          "optional": true
        }
      }
    },
    "node_modules/@vueuse/metadata": {
      "version": "10.7.2",
      "license": "MIT",
      "funding": {
        "url": "https://github.com/sponsors/antfu"
      }
    },
    "node_modules/@vueuse/shared": {
      "version": "10.7.2",
      "license": "MIT",
      "dependencies": {
        "vue-demi": ">=0.14.6"
      },
      "funding": {
        "url": "https://github.com/sponsors/antfu"
      }
    },
    "node_modules/algoliasearch": {
      "version": "4.22.1",
      "license": "MIT",
      "dependencies": {
        "@algolia/cache-browser-local-storage": "4.22.1",
        "@algolia/cache-common": "4.22.1",
        "@algolia/cache-in-memory": "4.22.1",
        "@algolia/client-account": "4.22.1",
        "@algolia/client-analytics": "4.22.1",
        "@algolia/client-common": "4.22.1",
        "@algolia/client-personalization": "4.22.1",
        "@algolia/client-search": "4.22.1",
        "@algolia/logger-common": "4.22.1",
        "@algolia/logger-console": "4.22.1",
        "@algolia/requester-browser-xhr": "4.22.1",
        "@algolia/requester-common": "4.22.1",
        "@algolia/requester-node-http": "4.22.1",
        "@algolia/transporter": "4.22.1"
      }
    },
    "node_modules/cli-color": {
      "version": "2.0.3",
      "resolved": "https://registry.npmjs.org/cli-color/-/cli-color-2.0.3.tgz",
      "integrity": "sha512-OkoZnxyC4ERN3zLzZaY9Emb7f/MhBOIpePv0Ycok0fJYT+Ouo00UBEIwsVsr0yoow++n5YWlSUgST9GKhNHiRQ==",
      "dependencies": {
        "d": "^1.0.1",
        "es5-ext": "^0.10.61",
        "es6-iterator": "^2.0.3",
        "memoizee": "^0.4.15",
        "timers-ext": "^0.1.7"
      },
      "engines": {
        "node": ">=0.10"
      }
    },
    "node_modules/csstype": {
      "version": "3.1.3",
      "license": "MIT"
    },
    "node_modules/d": {
      "version": "1.0.1",
      "resolved": "https://registry.npmjs.org/d/-/d-1.0.1.tgz",
      "integrity": "sha512-m62ShEObQ39CfralilEQRjH6oAMtNCV1xJyEx5LpRYUVN+EviphDgUc/F3hnYbADmkiNs67Y+3ylmlG7Lnu+FA==",
      "dependencies": {
        "es5-ext": "^0.10.50",
        "type": "^1.0.1"
      }
    },
    "node_modules/entities": {
      "version": "4.5.0",
      "license": "BSD-2-Clause",
      "engines": {
        "node": ">=0.12"
      },
      "funding": {
        "url": "https://github.com/fb55/entities?sponsor=1"
      }
    },
    "node_modules/es5-ext": {
      "version": "0.10.62",
      "resolved": "https://registry.npmjs.org/es5-ext/-/es5-ext-0.10.62.tgz",
      "integrity": "sha512-BHLqn0klhEpnOKSrzn/Xsz2UIW8j+cGmo9JLzr8BiUapV8hPL9+FliFqjwr9ngW7jWdnxv6eO+/LqyhJVqgrjA==",
      "hasInstallScript": true,
      "dependencies": {
        "es6-iterator": "^2.0.3",
        "es6-symbol": "^3.1.3",
        "next-tick": "^1.1.0"
      },
      "engines": {
        "node": ">=0.10"
      }
    },
    "node_modules/es6-iterator": {
      "version": "2.0.3",
      "resolved": "https://registry.npmjs.org/es6-iterator/-/es6-iterator-2.0.3.tgz",
      "integrity": "sha512-zw4SRzoUkd+cl+ZoE15A9o1oQd920Bb0iOJMQkQhl3jNc03YqVjAhG7scf9C5KWRU/R13Orf588uCC6525o02g==",
      "dependencies": {
        "d": "1",
        "es5-ext": "^0.10.35",
        "es6-symbol": "^3.1.1"
      }
    },
    "node_modules/es6-symbol": {
      "version": "3.1.3",
      "resolved": "https://registry.npmjs.org/es6-symbol/-/es6-symbol-3.1.3.tgz",
      "integrity": "sha512-NJ6Yn3FuDinBaBRWl/q5X/s4koRHBrgKAu+yGI6JCBeiu3qrcbJhwT2GeR/EXVfylRk8dpQVJoLEFhK+Mu31NA==",
      "dependencies": {
        "d": "^1.0.1",
        "ext": "^1.1.2"
      }
    },
    "node_modules/es6-weak-map": {
      "version": "2.0.3",
      "resolved": "https://registry.npmjs.org/es6-weak-map/-/es6-weak-map-2.0.3.tgz",
      "integrity": "sha512-p5um32HOTO1kP+w7PRnB+5lQ43Z6muuMuIMffvDN8ZB4GcnjLBV6zGStpbASIMk4DCAvEaamhe2zhyCb/QXXsA==",
      "dependencies": {
        "d": "1",
        "es5-ext": "^0.10.46",
        "es6-iterator": "^2.0.3",
        "es6-symbol": "^3.1.1"
      }
    },
    "node_modules/esbuild": {
      "version": "0.19.11",
      "resolved": "https://registry.npmjs.org/esbuild/-/esbuild-0.19.11.tgz",
      "integrity": "sha512-HJ96Hev2hX/6i5cDVwcqiJBBtuo9+FeIJOtZ9W1kA5M6AMJRHUZlpYZ1/SbEwtO0ioNAW8rUooVpC/WehY2SfA==",
      "hasInstallScript": true,
      "bin": {
        "esbuild": "bin/esbuild"
      },
      "engines": {
        "node": ">=12"
      },
      "optionalDependencies": {
        "@esbuild/aix-ppc64": "0.19.11",
        "@esbuild/android-arm": "0.19.11",
        "@esbuild/android-arm64": "0.19.11",
        "@esbuild/android-x64": "0.19.11",
        "@esbuild/darwin-arm64": "0.19.11",
        "@esbuild/darwin-x64": "0.19.11",
        "@esbuild/freebsd-arm64": "0.19.11",
        "@esbuild/freebsd-x64": "0.19.11",
        "@esbuild/linux-arm": "0.19.11",
        "@esbuild/linux-arm64": "0.19.11",
        "@esbuild/linux-ia32": "0.19.11",
        "@esbuild/linux-loong64": "0.19.11",
        "@esbuild/linux-mips64el": "0.19.11",
        "@esbuild/linux-ppc64": "0.19.11",
        "@esbuild/linux-riscv64": "0.19.11",
        "@esbuild/linux-s390x": "0.19.11",
        "@esbuild/linux-x64": "0.19.11",
        "@esbuild/netbsd-x64": "0.19.11",
        "@esbuild/openbsd-x64": "0.19.11",
        "@esbuild/sunos-x64": "0.19.11",
        "@esbuild/win32-arm64": "0.19.11",
        "@esbuild/win32-ia32": "0.19.11",
        "@esbuild/win32-x64": "0.19.11"
      }
    },
    "node_modules/estree-walker": {
      "version": "2.0.2",
      "license": "MIT"
    },
    "node_modules/event-emitter": {
      "version": "0.3.5",
      "resolved": "https://registry.npmjs.org/event-emitter/-/event-emitter-0.3.5.tgz",
      "integrity": "sha512-D9rRn9y7kLPnJ+hMq7S/nhvoKwwvVJahBi2BPmx3bvbsEdK3W9ii8cBSGjP+72/LnM4n6fo3+dkCX5FeTQruXA==",
      "dependencies": {
        "d": "1",
        "es5-ext": "~0.10.14"
      }
    },
    "node_modules/ext": {
      "version": "1.7.0",
      "resolved": "https://registry.npmjs.org/ext/-/ext-1.7.0.tgz",
      "integrity": "sha512-6hxeJYaL110a9b5TEJSj0gojyHQAmA2ch5Os+ySCiA1QGdS697XWY1pzsrSjqA9LDEEgdB/KypIlR59RcLuHYw==",
      "dependencies": {
        "type": "^2.7.2"
      }
    },
    "node_modules/ext/node_modules/type": {
      "version": "2.7.2",
      "resolved": "https://registry.npmjs.org/type/-/type-2.7.2.tgz",
      "integrity": "sha512-dzlvlNlt6AXU7EBSfpAscydQ7gXB+pPGsPnfJnZpiNJBDj7IaJzQlBZYGdEi4R9HmPdBv2XmWJ6YUtoTa7lmCw=="
    },
    "node_modules/focus-trap": {
      "version": "7.5.4",
      "license": "MIT",
      "dependencies": {
        "tabbable": "^6.2.0"
      }
    },
    "node_modules/fsevents": {
      "version": "2.3.3",
      "resolved": "https://registry.npmjs.org/fsevents/-/fsevents-2.3.3.tgz",
      "integrity": "sha512-5xoDfX+fL7faATnagmWPpbFtwh/R77WmMMqqHGS65C3vvB0YHrgF+B1YmZ3441tMj5n63k0212XNoJwzlhffQw==",
      "hasInstallScript": true,
      "optional": true,
      "os": [
        "darwin"
      ],
      "engines": {
        "node": "^8.16.0 || ^10.6.0 || >=11.0.0"
      }
    },
    "node_modules/is-promise": {
      "version": "2.2.2",
      "resolved": "https://registry.npmjs.org/is-promise/-/is-promise-2.2.2.tgz",
      "integrity": "sha512-+lP4/6lKUBfQjZ2pdxThZvLUAafmZb8OAxFb8XXtiQmS35INgr85hdOGoEs124ez1FCnZJt6jau/T+alh58QFQ=="
    },
    "node_modules/json5": {
      "version": "2.2.3",
      "resolved": "https://registry.npmjs.org/json5/-/json5-2.2.3.tgz",
      "integrity": "sha512-XmOWe7eyHYH14cLdVPoyg+GOH3rYX++KpzrylJwSW98t3Nk+U8XOl8FWKOgwtzdb8lXGf6zYwDUzeHMWfxasyg==",
      "bin": {
        "json5": "lib/cli.js"
      },
      "engines": {
        "node": ">=6"
      }
    },
    "node_modules/lodash": {
      "version": "4.17.21",
      "resolved": "https://registry.npmjs.org/lodash/-/lodash-4.17.21.tgz",
      "integrity": "sha512-v2kDEe57lecTulaDIuNTPy3Ry4gLGJ6Z1O3vE1krgXZNrsQ+LFTGHVxVjcXPs17LhbZVGedAJv8XZ1tvj5FvSg=="
    },
    "node_modules/lru-queue": {
      "version": "0.1.0",
      "resolved": "https://registry.npmjs.org/lru-queue/-/lru-queue-0.1.0.tgz",
      "integrity": "sha512-BpdYkt9EvGl8OfWHDQPISVpcl5xZthb+XPsbELj5AQXxIC8IriDZIQYjBJPEm5rS420sjZ0TLEzRcq5KdBhYrQ==",
      "dependencies": {
        "es5-ext": "~0.10.2"
      }
    },
    "node_modules/magic-string": {
      "version": "0.30.5",
      "license": "MIT",
      "dependencies": {
        "@jridgewell/sourcemap-codec": "^1.4.15"
      },
      "engines": {
        "node": ">=12"
      }
    },
    "node_modules/mark.js": {
      "version": "8.11.1",
      "license": "MIT"
    },
    "node_modules/memoizee": {
      "version": "0.4.15",
      "resolved": "https://registry.npmjs.org/memoizee/-/memoizee-0.4.15.tgz",
      "integrity": "sha512-UBWmJpLZd5STPm7PMUlOw/TSy972M+z8gcyQ5veOnSDRREz/0bmpyTfKt3/51DhEBqCZQn1udM/5flcSPYhkdQ==",
      "dependencies": {
        "d": "^1.0.1",
        "es5-ext": "^0.10.53",
        "es6-weak-map": "^2.0.3",
        "event-emitter": "^0.3.5",
        "is-promise": "^2.2.2",
        "lru-queue": "^0.1.0",
        "next-tick": "^1.1.0",
        "timers-ext": "^0.1.7"
      }
    },
    "node_modules/minisearch": {
      "version": "6.3.0",
      "license": "MIT"
    },
    "node_modules/mrmime": {
      "version": "2.0.0",
      "resolved": "https://registry.npmjs.org/mrmime/-/mrmime-2.0.0.tgz",
      "integrity": "sha512-eu38+hdgojoyq63s+yTpN4XMBdt5l8HhMhc4VKLO9KM5caLIBvUm4thi7fFaxyTmCKeNnXZ5pAlBwCUnhA09uw==",
      "engines": {
        "node": ">=10"
      }
    },
    "node_modules/nanoid": {
      "version": "3.3.7",
      "funding": [
        {
          "type": "github",
          "url": "https://github.com/sponsors/ai"
        }
      ],
      "license": "MIT",
      "bin": {
        "nanoid": "bin/nanoid.cjs"
      },
      "engines": {
        "node": "^10 || ^12 || ^13.7 || ^14 || >=15.0.1"
      }
    },
    "node_modules/next-tick": {
      "version": "1.1.0",
      "resolved": "https://registry.npmjs.org/next-tick/-/next-tick-1.1.0.tgz",
      "integrity": "sha512-CXdUiJembsNjuToQvxayPZF9Vqht7hewsvy2sOWafLvi2awflj9mOC6bHIg50orX8IJvWKY9wYQ/zB2kogPslQ=="
    },
    "node_modules/picocolors": {
      "version": "1.0.0",
      "license": "ISC"
    },
    "node_modules/postcss": {
      "version": "8.4.33",
      "funding": [
        {
          "type": "opencollective",
          "url": "https://opencollective.com/postcss/"
        },
        {
          "type": "tidelift",
          "url": "https://tidelift.com/funding/github/npm/postcss"
        },
        {
          "type": "github",
          "url": "https://github.com/sponsors/ai"
        }
      ],
      "license": "MIT",
      "dependencies": {
        "nanoid": "^3.3.7",
        "picocolors": "^1.0.0",
        "source-map-js": "^1.0.2"
      },
      "engines": {
        "node": "^10 || ^12 || >=14"
      }
    },
    "node_modules/preact": {
      "version": "10.19.3",
      "license": "MIT",
      "funding": {
        "type": "opencollective",
        "url": "https://opencollective.com/preact"
      }
    },
    "node_modules/rollup": {
      "version": "4.9.5",
      "license": "MIT",
      "dependencies": {
        "@types/estree": "1.0.5"
      },
      "bin": {
        "rollup": "dist/bin/rollup"
      },
      "engines": {
        "node": ">=18.0.0",
        "npm": ">=8.0.0"
      },
      "optionalDependencies": {
        "@rollup/rollup-android-arm-eabi": "4.9.5",
        "@rollup/rollup-android-arm64": "4.9.5",
        "@rollup/rollup-darwin-arm64": "4.9.5",
        "@rollup/rollup-darwin-x64": "4.9.5",
        "@rollup/rollup-linux-arm-gnueabihf": "4.9.5",
        "@rollup/rollup-linux-arm64-gnu": "4.9.5",
        "@rollup/rollup-linux-arm64-musl": "4.9.5",
        "@rollup/rollup-linux-riscv64-gnu": "4.9.5",
        "@rollup/rollup-linux-x64-gnu": "4.9.5",
        "@rollup/rollup-linux-x64-musl": "4.9.5",
        "@rollup/rollup-win32-arm64-msvc": "4.9.5",
        "@rollup/rollup-win32-ia32-msvc": "4.9.5",
        "@rollup/rollup-win32-x64-msvc": "4.9.5",
        "fsevents": "~2.3.2"
      }
    },
    "node_modules/search-insights": {
      "version": "2.13.0",
      "resolved": "https://registry.npmjs.org/search-insights/-/search-insights-2.13.0.tgz",
      "integrity": "sha512-Orrsjf9trHHxFRuo9/rzm0KIWmgzE8RMlZMzuhZOJ01Rnz3D0YBAe+V6473t6/H6c7irs6Lt48brULAiRWb3Vw==",
      "peer": true
    },
    "node_modules/shikiji": {
      "version": "0.9.19",
      "license": "MIT",
      "dependencies": {
        "shikiji-core": "0.9.19"
      }
    },
    "node_modules/shikiji-core": {
      "version": "0.9.19",
      "license": "MIT"
    },
    "node_modules/shikiji-transformers": {
      "version": "0.9.19",
      "license": "MIT",
      "dependencies": {
        "shikiji": "0.9.19"
      }
    },
    "node_modules/source-map-js": {
      "version": "1.0.2",
      "license": "BSD-3-Clause",
      "engines": {
        "node": ">=0.10.0"
      }
    },
    "node_modules/tabbable": {
      "version": "6.2.0",
      "license": "MIT"
    },
    "node_modules/timers-ext": {
      "version": "0.1.7",
      "resolved": "https://registry.npmjs.org/timers-ext/-/timers-ext-0.1.7.tgz",
      "integrity": "sha512-b85NUNzTSdodShTIbky6ZF02e8STtVVfD+fu4aXXShEELpozH+bCpJLYMPZbsABN2wDH7fJpqIoXxJpzbf0NqQ==",
      "dependencies": {
        "es5-ext": "~0.10.46",
        "next-tick": "1"
      }
    },
    "node_modules/type": {
      "version": "1.2.0",
      "resolved": "https://registry.npmjs.org/type/-/type-1.2.0.tgz",
      "integrity": "sha512-+5nt5AAniqsCnu2cEQQdpzCAh33kVx8n0VoFidKpB1dVVLAN/F+bgVOqOJqOnEnrhp222clB5p3vUlD+1QAnfg=="
    },
    "node_modules/vite": {
      "version": "5.0.11",
      "resolved": "https://registry.npmjs.org/vite/-/vite-5.0.11.tgz",
      "integrity": "sha512-XBMnDjZcNAw/G1gEiskiM1v6yzM4GE5aMGvhWTlHAYYhxb7S3/V1s3m2LDHa8Vh6yIWYYB0iJwsEaS523c4oYA==",
      "dependencies": {
        "esbuild": "^0.19.3",
        "postcss": "^8.4.32",
        "rollup": "^4.2.0"
      },
      "bin": {
        "vite": "bin/vite.js"
      },
      "engines": {
        "node": "^18.0.0 || >=20.0.0"
      },
      "funding": {
        "url": "https://github.com/vitejs/vite?sponsor=1"
      },
      "optionalDependencies": {
        "fsevents": "~2.3.3"
      },
      "peerDependencies": {
        "@types/node": "^18.0.0 || >=20.0.0",
        "less": "*",
        "lightningcss": "^1.21.0",
        "sass": "*",
        "stylus": "*",
        "sugarss": "*",
        "terser": "^5.4.0"
      },
      "peerDependenciesMeta": {
        "@types/node": {
          "optional": true
        },
        "less": {
          "optional": true
        },
        "lightningcss": {
          "optional": true
        },
        "sass": {
          "optional": true
        },
        "stylus": {
          "optional": true
        },
        "sugarss": {
          "optional": true
        },
        "terser": {
          "optional": true
        }
      }
    },
    "node_modules/vitepress": {
      "version": "1.0.0-rc.39",
      "resolved": "https://registry.npmjs.org/vitepress/-/vitepress-1.0.0-rc.39.tgz",
      "integrity": "sha512-EcgoRlAAp37WOxUOYv45oxyhLrcy3Upey+mKpqW3ldsg6Ol4trPndRBk2GO0QiSvEKlb9BMerk49D/bFICN6kg==",
      "dev": true,
      "dependencies": {
        "@docsearch/css": "^3.5.2",
        "@docsearch/js": "^3.5.2",
        "@types/markdown-it": "^13.0.7",
        "@vitejs/plugin-vue": "^5.0.3",
        "@vue/devtools-api": "^6.5.1",
        "@vueuse/core": "^10.7.2",
        "@vueuse/integrations": "^10.7.2",
        "focus-trap": "^7.5.4",
        "mark.js": "8.11.1",
        "minisearch": "^6.3.0",
        "shikiji": "^0.9.19",
        "shikiji-core": "^0.9.19",
        "shikiji-transformers": "^0.9.19",
        "vite": "^5.0.11",
        "vue": "^3.4.14"
      },
      "bin": {
        "vitepress": "bin/vitepress.js"
      },
      "peerDependencies": {
        "markdown-it-mathjax3": "^4.3.2",
        "postcss": "^8.4.33"
      },
      "peerDependenciesMeta": {
        "markdown-it-mathjax3": {
          "optional": true
        },
        "postcss": {
          "optional": true
        }
      }
    },
    "node_modules/vitepress-versioning-plugin": {
      "version": "0.10.0",
      "resolved": "https://registry.npmjs.org/vitepress-versioning-plugin/-/vitepress-versioning-plugin-0.10.0.tgz",
      "integrity": "sha512-LpHAHrwC56qRsZA//zGNfslc5tkTVN/FMUn420bxry/d99GIL55EMIyDBE61gyc/o9dZ9n+ItsqUrIZcpmrtZQ==",
      "dependencies": {
        "@types/lodash": "^4.14.202",
        "cli-color": "^2.0.3",
        "json5": "^2.2.3",
        "lodash": "^4.17.21",
        "vite": "^5.0.10",
        "vitepress": "1.0.0-rc.33"
      }
    },
    "node_modules/vitepress-versioning-plugin/node_modules/vitepress": {
      "version": "1.0.0-rc.33",
      "resolved": "https://registry.npmjs.org/vitepress/-/vitepress-1.0.0-rc.33.tgz",
      "integrity": "sha512-XMwr5eXEB3KB1uCuOkojVaqsVSijmd6N9QmaM2M6aqJqzXzxNwuvWSiEGYl4qbwRAX6/nFRofhx9+FndtCNjGQ==",
      "dependencies": {
        "@docsearch/css": "^3.5.2",
        "@docsearch/js": "^3.5.2",
        "@types/markdown-it": "^13.0.7",
        "@vitejs/plugin-vue": "^5.0.0",
        "@vue/devtools-api": "^6.5.1",
        "@vueuse/core": "^10.7.0",
        "@vueuse/integrations": "^10.7.0",
        "focus-trap": "^7.5.4",
        "mark.js": "8.11.1",
        "minisearch": "^6.3.0",
        "mrmime": "^2.0.0",
        "shikiji": "^0.9.12",
        "shikiji-transformers": "^0.9.12",
        "vite": "^5.0.10",
        "vue": "^3.4.0-rc.2"
      },
      "bin": {
        "vitepress": "bin/vitepress.js"
      },
      "peerDependencies": {
        "markdown-it-mathjax3": "^4.3.2",
        "postcss": "^8.4.32"
      },
      "peerDependenciesMeta": {
        "markdown-it-mathjax3": {
          "optional": true
        },
        "postcss": {
          "optional": true
        }
      }
    },
    "node_modules/vue": {
      "version": "3.4.15",
      "resolved": "https://registry.npmjs.org/vue/-/vue-3.4.15.tgz",
      "integrity": "sha512-jC0GH4KkWLWJOEQjOpkqU1bQsBwf4R1rsFtw5GQJbjHVKWDzO6P0nWWBTmjp1xSemAioDFj1jdaK1qa3DnMQoQ==",
      "dependencies": {
        "@vue/compiler-dom": "3.4.15",
        "@vue/compiler-sfc": "3.4.15",
        "@vue/runtime-dom": "3.4.15",
        "@vue/server-renderer": "3.4.15",
        "@vue/shared": "3.4.15"
      },
      "peerDependencies": {
        "typescript": "*"
      },
      "peerDependenciesMeta": {
        "typescript": {
          "optional": true
        }
      }
    },
    "node_modules/vue-demi": {
      "version": "0.14.6",
      "hasInstallScript": true,
      "license": "MIT",
      "bin": {
        "vue-demi-fix": "bin/vue-demi-fix.js",
        "vue-demi-switch": "bin/vue-demi-switch.js"
      },
      "engines": {
        "node": ">=12"
      },
      "funding": {
        "url": "https://github.com/sponsors/antfu"
      },
      "peerDependencies": {
        "@vue/composition-api": "^1.0.0-rc.1",
        "vue": "^3.0.0-0 || ^2.6.0"
      },
      "peerDependenciesMeta": {
        "@vue/composition-api": {
          "optional": true
        }
      }
    }
  }
}
